
Microsoft Visual Studio Solution File, Format Version 12.00
# Visual Studio Version 17
VisualStudioVersion = 17.0.31903.59
MinimumVisualStudioVersion = 10.0.40219.1
Project("{2150E333-8FDC-42A3-9474-1A3956D46DE8}") = "src", "src", "{4037E5B7-C026-4989-839A-4FF136338650}"
EndProject
Project("{FAE04EC0-301F-11D3-BF4B-00C04F79EFBC}") = "steam_p2p_for_mc", "src\steam_p2p_for_mc\steam_p2p_for_mc.csproj", "{09469316-48B7-4EF1-A1B6-BBA2920B3F1E}"
EndProject
Global
	GlobalSection(SolutionConfigurationPlatforms) = preSolution
		Debug|Any CPU = Debug|Any CPU
		Release|Any CPU = Release|Any CPU
	EndGlobalSection
	GlobalSection(SolutionProperties) = preSolution
		HideSolutionNode = FALSE
	EndGlobalSection
	GlobalSection(ProjectConfigurationPlatforms) = postSolution
		{09469316-48B7-4EF1-A1B6-BBA2920B3F1E}.Debug|Any CPU.ActiveCfg = Debug|Any CPU
		{09469316-48B7-4EF1-A1B6-BBA2920B3F1E}.Debug|Any CPU.Build.0 = Debug|Any CPU
		{09469316-48B7-4EF1-A1B6-BBA2920B3F1E}.Release|Any CPU.ActiveCfg = Release|Any CPU
		{09469316-48B7-4EF1-A1B6-BBA2920B3F1E}.Release|Any CPU.Build.0 = Release|Any CPU
	EndGlobalSection
	GlobalSection(NestedProjects) = preSolution
		{09469316-48B7-4EF1-A1B6-BBA2920B3F1E} = {4037E5B7-C026-4989-839A-4FF136338650}
	EndGlobalSection
EndGlobal
